Microsoft Visual Studio Solution File, Format Version 12.00
# Visual Studio Version 17
VisualStudioVersion = 17.5.2.0
MinimumVisualStudioVersion = 10.0.40219.1
Project("{FAE04EC0-301F-11D3-BF4B-00C04F79EFBC}") = "Tarea_91-MostrarImagenWinForms-KevinZamora", "Tarea_91-MostrarImagenWinForms-KevinZamora.csproj", "{B3E37AA6-B509-69EA-C8C0-23FD700EA30F}"
EndProject
Global
	GlobalSection(SolutionConfigurationPlatforms) = preSolution
		Debug|Any CPU = Debug|Any CPU
		Release|Any CPU = Release|Any CPU
	EndGlobalSection
	GlobalSection(ProjectConfigurationPlatforms) = postSolution
		{B3E37AA6-B509-69EA-C8C0-23FD700EA30F}.Debug|Any CPU.ActiveCfg = Debug|Any CPU
		{B3E37AA6-B509-69EA-C8C0-23FD700EA30F}.Debug|Any CPU.Build.0 = Debug|Any CPU
		{B3E37AA6-B509-69EA-C8C0-23FD700EA30F}.Release|Any CPU.ActiveCfg = Release|Any CPU
		{B3E37AA6-B509-69EA-C8C0-23FD700EA30F}.Release|Any CPU.Build.0 = Release|Any CPU
	EndGlobalSection
	GlobalSection(SolutionProperties) = preSolution
		HideSolutionNode = FALSE
	EndGlobalSection
	GlobalSection(ExtensibilityGlobals) = postSolution
		SolutionGuid = {A78065A9-7234-4F51-A040-C5FAA75FBD81}
	EndGlobalSection
EndGlobal
